
Microsoft Visual Studio Solution File, Format Version 12.00
# Visual Studio Version 16
VisualStudioVersion = 16.0.28407.52
MinimumVisualStudioVersion = 10.0.40219.1
Project("{FAE04EC0-301F-11D3-BF4B-00C04F79EFBC}") = "nl", "nl\nl.csproj", "{D73FC85C-1D51-40DC-9C64-751F57E34BD0}"
EndProject
Global
	GlobalSection(SolutionConfigurationPlatforms) = preSolution
		Debug|Any CPU = Debug|Any CPU
		Release|Any CPU = Release|Any CPU
	EndGlobalSection
	GlobalSection(ProjectConfigurationPlatforms) = postSolution
		{D73FC85C-1D51-40DC-9C64-751F57E34BD0}.Debug|Any CPU.ActiveCfg = Debug|Any CPU
		{D73FC85C-1D51-40DC-9C64-751F57E34BD0}.Debug|Any CPU.Build.0 = Debug|Any CPU
		{D73FC85C-1D51-40DC-9C64-751F57E34BD0}.Release|Any CPU.ActiveCfg = Release|Any CPU
		{D73FC85C-1D51-40DC-9C64-751F57E34BD0}.Release|Any CPU.Build.0 = Release|Any CPU
	EndGlobalSection
	GlobalSection(SolutionProperties) = preSolution
		HideSolutionNode = FALSE
	EndGlobalSection
	GlobalSection(ExtensibilityGlobals) = postSolution
		SolutionGuid = {FC0F255B-3891-4EED-8EBD-EBB865650119}
	EndGlobalSection
EndGlobal
